// !$*UTF8*$!
{
	archiveVersion = 1;
	classes = {
	};
	objectVersion = 50;
	objects = {

/* Begin PBXBuildFile section */
		4B4D939ADC409D71C550E190 /* Pods_Pixel_City.framework in Frameworks */ = {isa = PBXBuildFile; fileRef = B715828DFF0184210DF9D87A /* Pods_Pixel_City.framework */; };
		A48F1E7023D38C2C00A7D2A2 /* AppDelegate.swift in Sources */ = {isa = PBXBuildFile; fileRef = A48F1E6F23D38C2C00A7D2A2 /* AppDelegate.swift */; };
		A48F1E7223D38C2C00A7D2A2 /* SceneDelegate.swift in Sources */ = {isa = PBXBuildFile; fileRef = A48F1E7123D38C2C00A7D2A2 /* SceneDelegate.swift */; };
		A48F1E7423D38C2C00A7D2A2 /* MapVC.swift in Sources */ = {isa = PBXBuildFile; fileRef = A48F1E7323D38C2C00A7D2A2 /* MapVC.swift */; };
		A48F1E7723D38C2C00A7D2A2 /* Main.storyboard in Resources */ = {isa = PBXBuildFile; fileRef = A48F1E7523D38C2C00A7D2A2 /* Main.storyboard */; };
		A48F1E7923D38C3000A7D2A2 /* Assets.xcassets in Resources */ = {isa = PBXBuildFile; fileRef = A48F1E7823D38C3000A7D2A2 /* Assets.xcassets */; };
		A48F1E7C23D38C3000A7D2A2 /* LaunchScreen.storyboard in Resources */ = {isa = PBXBuildFile; fileRef = A48F1E7A23D38C3000A7D2A2 /* LaunchScreen.storyboard */; };
		A48F1E8823D3C0A800A7D2A2 /* Droppable Pin.swift in Sources */ = {isa = PBXBuildFile; fileRef = A48F1E8723D3C0A800A7D2A2 /* Droppable Pin.swift */; };
/* End PBXBuildFile section */

/* Begin PBXFileReference section */
		3192D581E091E83862F8C836 /* Pods-Pixel-City.release.xcconfig */ = {isa = PBXFileReference; includeInIndex = 1; lastKnownFileType = text.xcconfig; name = "Pods-Pixel-City.release.xcconfig"; path = "Pods/Target Support Files/Pods-Pixel-City/Pods-Pixel-City.release.xcconfig"; sourceTree = "<group>"; };
		8B3CC502DBCA145DB57BAC56 /* Pods-Pixel-City.debug.xcconfig */ = {isa = PBXFileReference; includeInIndex = 1; lastKnownFileType = text.xcconfig; name = "Pods-Pixel-City.debug.xcconfig"; path = "Pods/Target Support Files/Pods-Pixel-City/Pods-Pixel-City.debug.xcconfig"; sourceTree = "<group>"; };
		A48F1E6C23D38C2C00A7D2A2 /* Pixel-City.app */ = {isa = PBXFileReference; explicitFileType = wrapper.application; includeInIndex = 0; path = "Pixel-City.app"; sourceTree = BUILT_PRODUCTS_DIR; };
		A48F1E6F23D38C2C00A7D2A2 /* AppDelegate.swift */ = {isa = PBXFileReference; lastKnownFileType = sourcecode.swift; path = AppDelegate.swift; sourceTree = "<group>"; };
		A48F1E7123D38C2C00A7D2A2 /* SceneDelegate.swift */ = {isa = PBXFileReference; lastKnownFileType = sourcecode.swift; path = SceneDelegate.swift; sourceTree = "<group>"; };
		A48F1E7323D38C2C00A7D2A2 /* MapVC.swift */ = {isa = PBXFileReference; lastKnownFileType = sourcecode.swift; path = MapVC.swift; sourceTree = "<group>"; };
		A48F1E7623D38C2C00A7D2A2 /* Base */ = {isa = PBXFileReference; lastKnownFileType = file.storyboard; name = Base; path = Base.lproj/Main.storyboard; sourceTree = "<group>"; };
		A48F1E7823D38C3000A7D2A2 /* Assets.xcassets */ = {isa = PBXFileReference; lastKnownFileType = folder.assetcatalog; path = Assets.xcassets; sourceTree = "<group>"; };
		A48F1E7B23D38C3000A7D2A2 /* Base */ = {isa = PBXFileReference; lastKnownFileType = file.storyboard; name = Base; path = Base.lproj/LaunchScreen.storyboard; sourceTree = "<group>"; };
		A48F1E7D23D38C3000A7D2A2 /* Info.plist */ = {isa = PBXFileReference; lastKnownFileType = text.plist.xml; path = Info.plist; sourceTree = "<group>"; };
		A48F1E8723D3C0A800A7D2A2 /* Droppable Pin.swift */ = {isa = PBXFileReference; lastKnownFileType = sourcecode.swift; path = "Droppable Pin.swift"; sourceTree = "<group>"; };
		B715828DFF0184210DF9D87A /* Pods_Pixel_City.framework */ = {isa = PBXFileReference; explicitFileType = wrapper.framework; includeInIndex = 0; path = Pods_Pixel_City.framework; sourceTree = BUILT_PRODUCTS_DIR; };
/* End PBXFileReference section */

/* Begin PBXFrameworksBuildPhase section */
		A48F1E6923D38C2C00A7D2A2 /* Frameworks */ = {
			isa = PBXFrameworksBuildPhase;
			buildActionMask = 2147483647;
			files = (
				4B4D939ADC409D71C550E190 /* Pods_Pixel_City.framework in Frameworks */,
			);
			runOnlyForDeploymentPostprocessing = 0;
		};
/* End PBXFrameworksBuildPhase section */

/* Begin PBXGroup section */
		0DA4C7258392E6579DB2482B /* Pods */ = {
			isa = PBXGroup;
			children = (
				8B3CC502DBCA145DB57BAC56 /* Pods-Pixel-City.debug.xcconfig */,
				3192D581E091E83862F8C836 /* Pods-Pixel-City.release.xcconfig */,
			);
			name = Pods;
			sourceTree = "<group>";
		};
		30E0D29EA246301E3555C77B /* Frameworks */ = {
			isa = PBXGroup;
			children = (
				B715828DFF0184210DF9D87A /* Pods_Pixel_City.framework */,
			);
			name = Frameworks;
			sourceTree = "<group>";
		};
		A48F1E6323D38C2C00A7D2A2 = {
			isa = PBXGroup;
			children = (
				A48F1E6E23D38C2C00A7D2A2 /* Pixel-City */,
				A48F1E6D23D38C2C00A7D2A2 /* Products */,
				0DA4C7258392E6579DB2482B /* Pods */,
				30E0D29EA246301E3555C77B /* Frameworks */,
			);
			sourceTree = "<group>";
		};
		A48F1E6D23D38C2C00A7D2A2 /* Products */ = {
			isa = PBXGroup;
			children = (
				A48F1E6C23D38C2C00A7D2A2 /* Pixel-City.app */,
			);
			name = Products;
			sourceTree = "<group>";
		};
		A48F1E6E23D38C2C00A7D2A2 /* Pixel-City */ = {
			isa = PBXGroup;
			children = (
				A48F1E8623D38D1500A7D2A2 /* Utilities  */,
				A48F1E8523D38D0600A7D2A2 /* Extensions */,
				A48F1E8423D38CFB00A7D2A2 /* Views */,
				A48F1E8323D38CE300A7D2A2 /* Controllers */,
				A48F1E6F23D38C2C00A7D2A2 /* AppDelegate.swift */,
				A48F1E7123D38C2C00A7D2A2 /* SceneDelegate.swift */,
				A48F1E7523D38C2C00A7D2A2 /* Main.storyboard */,
				A48F1E7823D38C3000A7D2A2 /* Assets.xcassets */,
				A48F1E7A23D38C3000A7D2A2 /* LaunchScreen.storyboard */,
				A48F1E7D23D38C3000A7D2A2 /* Info.plist */,
			);
			path = "Pixel-City";
			sourceTree = "<group>";
		};
		A48F1E8323D38CE300A7D2A2 /* Controllers */ = {
			isa = PBXGroup;
			children = (
				A48F1E7323D38C2C00A7D2A2 /* MapVC.swift */,
			);
			path = Controllers;
			sourceTree = "<group>";
		};
		A48F1E8423D38CFB00A7D2A2 /* Views */ = {
			isa = PBXGroup;
			children = (
				A48F1E8723D3C0A800A7D2A2 /* Droppable Pin.swift */,
			);
			path = Views;
			sourceTree = "<group>";
		};
		A48F1E8523D38D0600A7D2A2 /* Extensions */ = {
			isa = PBXGroup;
			children = (
			);
			path = Extensions;
			sourceTree = "<group>";
		};
		A48F1E8623D38D1500A7D2A2 /* Utilities  */ = {
			isa = PBXGroup;
			children = (
			);
			path = "Utilities ";
			sourceTree = "<group>";
		};
/* End PBXGroup section */

/* Begin PBXNativeTarget section */
		A48F1E6B23D38C2C00A7D2A2 /* Pixel-City */ = {
			isa = PBXNativeTarget;
			buildConfigurationList = A48F1E8023D38C3000A7D2A2 /* Build configuration list for PBXNativeTarget "Pixel-City" */;
			buildPhases = (
				576C1FE016FFC45FD1A2D5E1 /* [CP] Check Pods Manifest.lock */,
				A48F1E6823D38C2C00A7D2A2 /* Sources */,
				A48F1E6923D38C2C00A7D2A2 /* Frameworks */,
				A48F1E6A23D38C2C00A7D2A2 /* Resources */,
				5D6CA2CFD3D4C77B3E7963E2 /* [CP] Embed Pods Frameworks */,
			);
			buildRules = (
			);
			dependencies = (
			);
			name = "Pixel-City";
			productName = "Pixel-City";
			productReference = A48F1E6C23D38C2C00A7D2A2 /* Pixel-City.app */;
			productType = "com.apple.product-type.application";
		};
/* End PBXNativeTarget section */

/* Begin PBXProject section */
		A48F1E6423D38C2C00A7D2A2 /* Project object */ = {
			isa = PBXProject;
			attributes = {
				LastSwiftUpdateCheck = 1130;
				LastUpgradeCheck = 1130;
				ORGANIZATIONNAME = "Juan Luque";
				TargetAttributes = {
					A48F1E6B23D38C2C00A7D2A2 = {
						CreatedOnToolsVersion = 11.3.1;
					};
				};
			};
			buildConfigurationList = A48F1E6723D38C2C00A7D2A2 /* Build configuration list for PBXProject "Pixel-City" */;
			compatibilityVersion = "Xcode 9.3";
			developmentRegion = en;
			hasScannedForEncodings = 0;
			knownRegions = (
				en,
				Base,
			);
			mainGroup = A48F1E6323D38C2C00A7D2A2;
			productRefGroup = A48F1E6D23D38C2C00A7D2A2 /* Products */;
			projectDirPath = "";
			projectRoot = "";
			targets = (
				A48F1E6B23D38C2C00A7D2A2 /* Pixel-City */,
			);
		};
/* End PBXProject section */

/* Begin PBXResourcesBuildPhase section */
		A48F1E6A23D38C2C00A7D2A2 /* Resources */ = {
			isa = PBXResourcesBuildPhase;
			buildActionMask = 2147483647;
			files = (
				A48F1E7C23D38C3000A7D2A2 /* LaunchScreen.storyboard in Resources */,
				A48F1E7923D38C3000A7D2A2 /* Assets.xcassets in Resources */,
				A48F1E7723D38C2C00A7D2A2 /* Main.storyboard in Resources */,
			);
			runOnlyForDeploymentPostprocessing = 0;
		};
/* End PBXResourcesBuildPhase section */

/* Begin PBXShellScriptBuildPhase section */
		576C1FE016FFC45FD1A2D5E1 /* [CP] Check Pods Manifest.lock */ = {
			isa = PBXShellScriptBuildPhase;
			buildActionMask = 2147483647;
			files = (
			);
			inputPaths = (
				"${PODS_PODFILE_DIR_PATH}/Podfile.lock",
				"${PODS_ROOT}/Manifest.lock",
			);
			name = "[CP] Check Pods Manifest.lock";
			outputPaths = (
				"$(DERIVED_FILE_DIR)/Pods-Pixel-City-checkManifestLockResult.txt",
			);
			runOnlyForDeploymentPostprocessing = 0;
			shellPath = /bin/sh;
			shellScript = "diff \"${PODS_PODFILE_DIR_PATH}/Podfile.lock\" \"${PODS_ROOT}/Manifest.lock\" > /dev/null\nif [ $? != 0 ] ; then\n    # print error to STDERR\n    echo \"error: The sandbox is not in sync with the Podfile.lock. Run 'pod install' or update your CocoaPods installation.\" >&2\n    exit 1\nfi\n# This output is used by Xcode 'outputs' to avoid re-running this script phase.\necho \"SUCCESS\" > \"${SCRIPT_OUTPUT_FILE_0}\"\n";
			showEnvVarsInLog = 0;
		};
		5D6CA2CFD3D4C77B3E7963E2 /* [CP] Embed Pods Frameworks */ = {
			isa = PBXShellScriptBuildPhase;
			buildActionMask = 2147483647;
			files = (
			);
			inputPaths = (
				"${SRCROOT}/Pods/Target Support Files/Pods-Pixel-City/Pods-Pixel-City-frameworks.sh",
				"${BUILT_PRODUCTS_DIR}/Alamofire/Alamofire.framework",
				"${BUILT_PRODUCTS_DIR}/AlamofireImage/AlamofireImage.framework",
			);
			name = "[CP] Embed Pods Frameworks";
			outputPaths = (
				"${TARGET_BUILD_DIR}/${FRAMEWORKS_FOLDER_PATH}/Alamofire.framework",
				"${TARGET_BUILD_DIR}/${FRAMEWORKS_FOLDER_PATH}/AlamofireImage.framework",
			);
			runOnlyForDeploymentPostprocessing = 0;
			shellPath = /bin/sh;
			shellScript = "\"${SRCROOT}/Pods/Target Support Files/Pods-Pixel-City/Pods-Pixel-City-frameworks.sh\"\n";
			showEnvVarsInLog = 0;
		};
/* End PBXShellScriptBuildPhase section */

/* Begin PBXSourcesBuildPhase section */
		A48F1E6823D38C2C00A7D2A2 /* Sources */ = {
			isa = PBXSourcesBuildPhase;
			buildActionMask = 2147483647;
			files = (
				A48F1E7423D38C2C00A7D2A2 /* MapVC.swift in Sources */,
				A48F1E7023D38C2C00A7D2A2 /* AppDelegate.swift in Sources */,
				A48F1E8823D3C0A800A7D2A2 /* Droppable Pin.swift in Sources */,
				A48F1E7223D38C2C00A7D2A2 /* SceneDelegate.swift in Sources */,
			);
			runOnlyForDeploymentPostprocessing = 0;
		};
/* End PBXSourcesBuildPhase section */

/* Begin PBXVariantGroup section */
		A48F1E7523D38C2C00A7D2A2 /* Main.storyboard */ = {
			isa = PBXVariantGroup;
			children = (
				A48F1E7623D38C2C00A7D2A2 /* Base */,
			);
			name = Main.storyboard;
			sourceTree = "<group>";
		};
		A48F1E7A23D38C3000A7D2A2 /* LaunchScreen.storyboard */ = {
			isa = PBXVariantGroup;
			children = (
				A48F1E7B23D38C3000A7D2A2 /* Base */,
			);
			name = LaunchScreen.storyboard;
			sourceTree = "<group>";
		};
/* End PBXVariantGroup section */

/* Begin XCBuildConfiguration section */
		A48F1E7E23D38C3000A7D2A2 /* Debug */ = {
			isa = XCBuildConfiguration;
			buildSettings = {
				ALWAYS_SEARCH_USER_PATHS = NO;
				CLANG_ANALYZER_NONNULL = YES;
				CLANG_ANALYZER_NUMBER_OBJECT_CONVERSION = YES_AGGRESSIVE;
				CLANG_CXX_LANGUAGE_STANDARD = "gnu++14";
				CLANG_CXX_LIBRARY = "libc++";
				CLANG_ENABLE_MODULES = YES;
				CLANG_ENABLE_OBJC_ARC = YES;
				CLANG_ENABLE_OBJC_WEAK = YES;
				CLANG_WARN_BLOCK_CAPTURE_AUTORELEASING = YES;
				CLANG_WARN_BOOL_CONVERSION = YES;
				CLANG_WARN_COMMA = YES;
				CLANG_WARN_CONSTANT_CONVERSION = YES;
				CLANG_WARN_DEPRECATED_OBJC_IMPLEMENTATIONS = YES;
				CLANG_WARN_DIRECT_OBJC_ISA_USAGE = YES_ERROR;
				CLANG_WARN_DOCUMENTATION_COMMENTS = YES;
				CLANG_WARN_EMPTY_BODY = YES;
				CLANG_WARN_ENUM_CONVERSION = YES;
				CLANG_WARN_INFINITE_RECURSION = YES;
				CLANG_WARN_INT_CONVERSION = YES;
				CLANG_WARN_NON_LITERAL_NULL_CONVERSION = YES;
				CLANG_WARN_OBJC_IMPLICIT_RETAIN_SELF = YES;
				CLANG_WARN_OBJC_LITERAL_CONVERSION = YES;
				CLANG_WARN_OBJC_ROOT_CLASS = YES_ERROR;
				CLANG_WARN_RANGE_LOOP_ANALYSIS = YES;
				CLANG_WARN_STRICT_PROTOTYPES = YES;
				CLANG_WARN_SUSPICIOUS_MOVE = YES;
				CLANG_WARN_UNGUARDED_AVAILABILITY = YES_AGGRESSIVE;
				CLANG_WARN_UNREACHABLE_CODE = YES;
				CLANG_WARN__DUPLICATE_METHOD_MATCH = YES;
				COPY_PHASE_STRIP = NO;
				DEBUG_INFORMATION_FORMAT = dwarf;
				ENABLE_STRICT_OBJC_MSGSEND = YES;
				ENABLE_TESTABILITY = YES;
				GCC_C_LANGUAGE_STANDARD = gnu11;
				GCC_DYNAMIC_NO_PIC = NO;
				GCC_NO_COMMON_BLOCKS = YES;
				GCC_OPTIMIZATION_LEVEL = 0;
				GCC_PREPROCESSOR_DEFINITIONS = (
					"DEBUG=1",
					"$(inherited)",
				);
				GCC_WARN_64_TO_32_BIT_CONVERSION = YES;
				GCC_WARN_ABOUT_RETURN_TYPE = YES_ERROR;
				GCC_WARN_UNDECLARED_SELECTOR = YES;
				GCC_WARN_UNINITIALIZED_AUTOS = YES_AGGRESSIVE;
				GCC_WARN_UNUSED_FUNCTION = YES;
				GCC_WARN_UNUSED_VARIABLE = YES;
				IPHONEOS_DEPLOYMENT_TARGET = 13.2;
				MTL_ENABLE_DEBUG_INFO = INCLUDE_SOURCE;
				MTL_FAST_MATH = YES;
				ONLY_ACTIVE_ARCH = YES;
				SDKROOT = iphoneos;
				SWIFT_ACTIVE_COMPILATION_CONDITIONS = DEBUG;
				SWIFT_OPTIMIZATION_LEVEL = "-Onone";
			};
			name = Debug;
		};
		A48F1E7F23D38C3000A7D2A2 /* Release */ = {
			isa = XCBuildConfiguration;
			buildSettings = {
				ALWAYS_SEARCH_USER_PATHS = NO;
				CLANG_ANALYZER_NONNULL = YES;
				CLANG_ANALYZER_NUMBER_OBJECT_CONVERSION = YES_AGGRESSIVE;
				CLANG_CXX_LANGUAGE_STANDARD = "gnu++14";
				CLANG_CXX_LIBRARY = "libc++";
				CLANG_ENABLE_MODULES = YES;
				CLANG_ENABLE_OBJC_ARC = YES;
				CLANG_ENABLE_OBJC_WEAK = YES;
				CLANG_WARN_BLOCK_CAPTURE_AUTORELEASING = YES;
				CLANG_WARN_BOOL_CONVERSION = YES;
				CLANG_WARN_COMMA = YES;
				CLANG_WARN_CONSTANT_CONVERSION = YES;
				CLANG_WARN_DEPRECATED_OBJC_IMPLEMENTATIONS = YES;
				CLANG_WARN_DIRECT_OBJC_ISA_USAGE = YES_ERROR;
				CLANG_WARN_DOCUMENTATION_COMMENTS = YES;
				CLANG_WARN_EMPTY_BODY = YES;
				CLANG_WARN_ENUM_CONVERSION = YES;
				CLANG_WARN_INFINITE_RECURSION = YES;
				CLANG_WARN_INT_CONVERSION = YES;
				CLANG_WARN_NON_LITERAL_NULL_CONVERSION = YES;
				CLANG_WARN_OBJC_IMPLICIT_RETAIN_SELF = YES;
				CLANG_WARN_OBJC_LITERAL_CONVERSION = YES;
				CLANG_WARN_OBJC_ROOT_CLASS = YES_ERROR;
				CLANG_WARN_RANGE_LOOP_ANALYSIS = YES;
				CLANG_WARN_STRICT_PROTOTYPES = YES;
				CLANG_WARN_SUSPICIOUS_MOVE = YES;
				CLANG_WARN_UNGUARDED_AVAILABILITY = YES_AGGRESSIVE;
				CLANG_WARN_UNREACHABLE_CODE = YES;
				CLANG_WARN__DUPLICATE_METHOD_MATCH = YES;
				COPY_PHASE_STRIP = NO;
				DEBUG_INFORMATION_FORMAT = "dwarf-with-dsym";
				ENABLE_NS_ASSERTIONS = NO;
				ENABLE_STRICT_OBJC_MSGSEND = YES;
				GCC_C_LANGUAGE_STANDARD = gnu11;
				GCC_NO_COMMON_BLOCKS = YES;
				GCC_WARN_64_TO_32_BIT_CONVERSION = YES;
				GCC_WARN_ABOUT_RETURN_TYPE = YES_ERROR;
				GCC_WARN_UNDECLARED_SELECTOR = YES;
				GCC_WARN_UNINITIALIZED_AUTOS = YES_AGGRESSIVE;
				GCC_WARN_UNUSED_FUNCTION = YES;
				GCC_WARN_UNUSED_VARIABLE = YES;
				IPHONEOS_DEPLOYMENT_TARGET = 13.2;
				MTL_ENABLE_DEBUG_INFO = NO;
				MTL_FAST_MATH = YES;
				SDKROOT = iphoneos;
				SWIFT_COMPILATION_MODE = wholemodule;
				SWIFT_OPTIMIZATION_LEVEL = "-O";
				VALIDATE_PRODUCT = YES;
			};
			name = Release;
		};
		A48F1E8123D38C3000A7D2A2 /* Debug */ = {
			isa = XCBuildConfiguration;
			baseConfigurationReference = 8B3CC502DBCA145DB57BAC56 /* Pods-Pixel-City.debug.xcconfig */;
			buildSettings = {
				ASSETCATALOG_COMPILER_APPICON_NAME = AppIcon;
				CODE_SIGN_STYLE = Automatic;
				DEVELOPMENT_TEAM = X25CAQ67TT;
				INFOPLIST_FILE = "Pixel-City/Info.plist";
				LD_RUNPATH_SEARCH_PATHS = (
					"$(inherited)",
					"@executable_path/Frameworks",
				);
				PRODUCT_BUNDLE_IDENTIFIER = "com.JustJukess.Pixel-City";
				PRODUCT_NAME = "$(TARGET_NAME)";
				SWIFT_VERSION = 5.0;
				TARGETED_DEVICE_FAMILY = "1,2";
			};
			name = Debug;
		};
		A48F1E8223D38C3000A7D2A2 /* Release */ = {
			isa = XCBuildConfiguration;
			baseConfigurationReference = 3192D581E091E83862F8C836 /* Pods-Pixel-City.release.xcconfig */;
			buildSettings = {
				ASSETCATALOG_COMPILER_APPICON_NAME = AppIcon;
				CODE_SIGN_STYLE = Automatic;
				DEVELOPMENT_TEAM = X25CAQ67TT;
				INFOPLIST_FILE = "Pixel-City/Info.plist";
				LD_RUNPATH_SEARCH_PATHS = (
					"$(inherited)",
					"@executable_path/Frameworks",
				);
				PRODUCT_BUNDLE_IDENTIFIER = "com.JustJukess.Pixel-City";
				PRODUCT_NAME = "$(TARGET_NAME)";
				SWIFT_VERSION = 5.0;
				TARGETED_DEVICE_FAMILY = "1,2";
			};
			name = Release;
		};
/* End XCBuildConfiguration section */

/* Begin XCConfigurationList section */
		A48F1E6723D38C2C00A7D2A2 /* Build configuration list for PBXProject "Pixel-City" */ = {
			isa = XCConfigurationList;
			buildConfigurations = (
				A48F1E7E23D38C3000A7D2A2 /* Debug */,
				A48F1E7F23D38C3000A7D2A2 /* Release */,
			);
			defaultConfigurationIsVisible = 0;
			defaultConfigurationName = Release;
		};
		A48F1E8023D38C3000A7D2A2 /* Build configuration list for PBXNativeTarget "Pixel-City" */ = {
			isa = XCConfigurationList;
			buildConfigurations = (
				A48F1E8123D38C3000A7D2A2 /* Debug */,
				A48F1E8223D38C3000A7D2A2 /* Release */,
			);
			defaultConfigurationIsVisible = 0;
			defaultConfigurationName = Release;
		};
/* End XCConfigurationList section */
	};
	rootObject = A48F1E6423D38C2C00A7D2A2 /* Project object */;
}
